
Microsoft Visual Studio Solution File, Format Version 12.00
# Visual Studio Version 17
VisualStudioVersion = 17.4.33205.214
MinimumVisualStudioVersion = 10.0.40219.1
Project("{FAE04EC0-301F-11D3-BF4B-00C04F79EFBC}") = "Kafka-Consumer", "Kafka-Consumer\Kafka-Consumer.csproj", "{455E4B9A-D713-4D17-9D3C-14ED1FF1B1AF}"
EndProject
Global
	GlobalSection(SolutionConfigurationPlatforms) = preSolution
		Debug|Any CPU = Debug|Any CPU
		Release|Any CPU = Release|Any CPU
	EndGlobalSection
	GlobalSection(ProjectConfigurationPlatforms) = postSolution
		{455E4B9A-D713-4D17-9D3C-14ED1FF1B1AF}.Debug|Any CPU.ActiveCfg = Debug|Any CPU
		{455E4B9A-D713-4D17-9D3C-14ED1FF1B1AF}.Debug|Any CPU.Build.0 = Debug|Any CPU
		{455E4B9A-D713-4D17-9D3C-14ED1FF1B1AF}.Release|Any CPU.ActiveCfg = Release|Any CPU
		{455E4B9A-D713-4D17-9D3C-14ED1FF1B1AF}.Release|Any CPU.Build.0 = Release|Any CPU
	EndGlobalSection
	GlobalSection(SolutionProperties) = preSolution
		HideSolutionNode = FALSE
	EndGlobalSection
	GlobalSection(ExtensibilityGlobals) = postSolution
		SolutionGuid = {60249C4F-4E1F-42F6-BECD-0E147DD4B67C}
	EndGlobalSection
EndGlobal
